
Microsoft Visual Studio Solution File, Format Version 12.00
# Visual Studio 15
VisualStudioVersion = 15.0.27428.2015
MinimumVisualStudioVersion = 10.0.40219.1
Project("{FAE04EC0-301F-11D3-BF4B-00C04F79EFBC}") = "AspNetCoreVideo", "AspNetCoreVideo\AspNetCoreVideo.csproj", "{C167CD84-1061-470B-A507-215637C307D9}"
EndProject
Global
	GlobalSection(SolutionConfigurationPlatforms) = preSolution
		Debug|Any CPU = Debug|Any CPU
		Release|Any CPU = Release|Any CPU
	EndGlobalSection
	GlobalSection(ProjectConfigurationPlatforms) = postSolution
		{C167CD84-1061-470B-A507-215637C307D9}.Debug|Any CPU.ActiveCfg = Debug|Any CPU
		{C167CD84-1061-470B-A507-215637C307D9}.Debug|Any CPU.Build.0 = Debug|Any CPU
		{C167CD84-1061-470B-A507-215637C307D9}.Release|Any CPU.ActiveCfg = Release|Any CPU
		{C167CD84-1061-470B-A507-215637C307D9}.Release|Any CPU.Build.0 = Release|Any CPU
	EndGlobalSection
	GlobalSection(SolutionProperties) = preSolution
		HideSolutionNode = FALSE
	EndGlobalSection
	GlobalSection(ExtensibilityGlobals) = postSolution
		SolutionGuid = {0A296A81-E035-41B4-B34E-595E81237B99}
	EndGlobalSection
EndGlobal
